
Microsoft Visual Studio Solution File, Format Version 12.00
# Visual Studio Version 16
VisualStudioVersion = 16.0.31005.135
MinimumVisualStudioVersion = 10.0.40219.1
Project("{FAE04EC0-301F-11D3-BF4B-00C04F79EFBC}") = "Movies_Assignment9_DevynSmith_Section3", "Movies_Assignment9_DevynSmith_Section3.csproj", "{DEAC540B-C2A5-4598-96D1-B1F9C36FC440}"
EndProject
Global
	GlobalSection(SolutionConfigurationPlatforms) = preSolution
		Debug|Any CPU = Debug|Any CPU
		Release|Any CPU = Release|Any CPU
	EndGlobalSection
	GlobalSection(ProjectConfigurationPlatforms) = postSolution
		{DEAC540B-C2A5-4598-96D1-B1F9C36FC440}.Debug|Any CPU.ActiveCfg = Debug|Any CPU
		{DEAC540B-C2A5-4598-96D1-B1F9C36FC440}.Debug|Any CPU.Build.0 = Debug|Any CPU
		{DEAC540B-C2A5-4598-96D1-B1F9C36FC440}.Release|Any CPU.ActiveCfg = Release|Any CPU
		{DEAC540B-C2A5-4598-96D1-B1F9C36FC440}.Release|Any CPU.Build.0 = Release|Any CPU
	EndGlobalSection
	GlobalSection(SolutionProperties) = preSolution
		HideSolutionNode = FALSE
	EndGlobalSection
	GlobalSection(ExtensibilityGlobals) = postSolution
		SolutionGuid = {657AD250-6920-4125-8305-5582BB58C13F}
	EndGlobalSection
EndGlobal
